
Microsoft Visual Studio Solution File, Format Version 12.00
# Visual Studio Version 17
VisualStudioVersion = 17.6.33723.286
MinimumVisualStudioVersion = 10.0.40219.1
Project("{FAE04EC0-301F-11D3-BF4B-00C04F79EFBC}") = "WebApplication2", "WebApplication2\WebApplication2.csproj", "{E743A616-073D-4493-ADF7-D81F94E63841}"
EndProject
Global
	GlobalSection(SolutionConfigurationPlatforms) = preSolution
		Debug|Any CPU = Debug|Any CPU
		Release|Any CPU = Release|Any CPU
	EndGlobalSection
	GlobalSection(ProjectConfigurationPlatforms) = postSolution
		{E743A616-073D-4493-ADF7-D81F94E63841}.Debug|Any CPU.ActiveCfg = Debug|Any CPU
		{E743A616-073D-4493-ADF7-D81F94E63841}.Debug|Any CPU.Build.0 = Debug|Any CPU
		{E743A616-073D-4493-ADF7-D81F94E63841}.Release|Any CPU.ActiveCfg = Release|Any CPU
		{E743A616-073D-4493-ADF7-D81F94E63841}.Release|Any CPU.Build.0 = Release|Any CPU
	EndGlobalSection
	GlobalSection(SolutionProperties) = preSolution
		HideSolutionNode = FALSE
	EndGlobalSection
	GlobalSection(ExtensibilityGlobals) = postSolution
		SolutionGuid = {9C6FF2BF-3E9E-4148-96C7-B5445A258D15}
	EndGlobalSection
EndGlobal
